// !$*UTF8*$!
{
	archiveVersion = 1;
	classes = {
	};
	objectVersion = 50;
	objects = {

/* Begin PBXBuildFile section */
		710301DF22F2835D003F1658 /* AppDelegate.swift in Sources */ = {isa = PBXBuildFile; fileRef = 710301DE22F2835C003F1658 /* AppDelegate.swift */; };
		710301E422F2835D003F1658 /* List.storyboard in Resources */ = {isa = PBXBuildFile; fileRef = 710301E222F2835D003F1658 /* List.storyboard */; };
		710301E622F2835E003F1658 /* Assets.xcassets in Resources */ = {isa = PBXBuildFile; fileRef = 710301E522F2835E003F1658 /* Assets.xcassets */; };
		710301E922F2835E003F1658 /* LaunchScreen.storyboard in Resources */ = {isa = PBXBuildFile; fileRef = 710301E722F2835E003F1658 /* LaunchScreen.storyboard */; };
		7103020522F28478003F1658 /* ListPresenter.swift in Sources */ = {isa = PBXBuildFile; fileRef = 710301FF22F28478003F1658 /* ListPresenter.swift */; };
		7103020622F28478003F1658 /* ListWorker.swift in Sources */ = {isa = PBXBuildFile; fileRef = 7103020022F28478003F1658 /* ListWorker.swift */; };
		7103020722F28478003F1658 /* ListRouter.swift in Sources */ = {isa = PBXBuildFile; fileRef = 7103020122F28478003F1658 /* ListRouter.swift */; };
		7103020822F28478003F1658 /* ListModels.swift in Sources */ = {isa = PBXBuildFile; fileRef = 7103020222F28478003F1658 /* ListModels.swift */; };
		7103020922F28478003F1658 /* ListViewController.swift in Sources */ = {isa = PBXBuildFile; fileRef = 7103020322F28478003F1658 /* ListViewController.swift */; };
		7103020A22F28478003F1658 /* ListInteractor.swift in Sources */ = {isa = PBXBuildFile; fileRef = 7103020422F28478003F1658 /* ListInteractor.swift */; };
		7103021122F28801003F1658 /* DiscoveryResponse.swift in Sources */ = {isa = PBXBuildFile; fileRef = 7103021022F28801003F1658 /* DiscoveryResponse.swift */; };
		7103021422F28D5E003F1658 /* Contants.swift in Sources */ = {isa = PBXBuildFile; fileRef = 7103021322F28D5E003F1658 /* Contants.swift */; };
		7103021622F28E49003F1658 /* MovieManager.swift in Sources */ = {isa = PBXBuildFile; fileRef = 7103021522F28E49003F1658 /* MovieManager.swift */; };
		7103021922F2975C003F1658 /* MovieTableViewCell.swift in Sources */ = {isa = PBXBuildFile; fileRef = 7103021822F2975C003F1658 /* MovieTableViewCell.swift */; };
		7103021B22F2983F003F1658 /* Extensions.swift in Sources */ = {isa = PBXBuildFile; fileRef = 7103021A22F2983F003F1658 /* Extensions.swift */; };
		7103022322F2A857003F1658 /* DetailsPresenter.swift in Sources */ = {isa = PBXBuildFile; fileRef = 7103021D22F2A857003F1658 /* DetailsPresenter.swift */; };
		7103022422F2A857003F1658 /* DetailsWorker.swift in Sources */ = {isa = PBXBuildFile; fileRef = 7103021E22F2A857003F1658 /* DetailsWorker.swift */; };
		7103022522F2A857003F1658 /* DetailsRouter.swift in Sources */ = {isa = PBXBuildFile; fileRef = 7103021F22F2A857003F1658 /* DetailsRouter.swift */; };
		7103022622F2A857003F1658 /* DetailsModels.swift in Sources */ = {isa = PBXBuildFile; fileRef = 7103022022F2A857003F1658 /* DetailsModels.swift */; };
		7103022722F2A857003F1658 /* DetailsViewController.swift in Sources */ = {isa = PBXBuildFile; fileRef = 7103022122F2A857003F1658 /* DetailsViewController.swift */; };
		7103022822F2A857003F1658 /* DetailsInteractor.swift in Sources */ = {isa = PBXBuildFile; fileRef = 7103022222F2A857003F1658 /* DetailsInteractor.swift */; };
		7103022A22F2A867003F1658 /* Details.storyboard in Resources */ = {isa = PBXBuildFile; fileRef = 7103022922F2A867003F1658 /* Details.storyboard */; };
		716EA3AF22F39B1B0069F0FD /* DetailsDisplayLogicSpy.swift in Sources */ = {isa = PBXBuildFile; fileRef = 716EA3AE22F39B1B0069F0FD /* DetailsDisplayLogicSpy.swift */; };
		716EA3B122F39BC60069F0FD /* DetailsBusinessLogicSpy.swift in Sources */ = {isa = PBXBuildFile; fileRef = 716EA3B022F39BC60069F0FD /* DetailsBusinessLogicSpy.swift */; };
		716EA3B322F39BFB0069F0FD /* DetailsPresentationLogicSpy.swift in Sources */ = {isa = PBXBuildFile; fileRef = 716EA3B222F39BFB0069F0FD /* DetailsPresentationLogicSpy.swift */; };
		716EA3B522F39DBF0069F0FD /* DetailsWorkerSpy.swift in Sources */ = {isa = PBXBuildFile; fileRef = 716EA3B422F39DBF0069F0FD /* DetailsWorkerSpy.swift */; };
		716EA3B722F3A6A80069F0FD /* ListRouterTests.swift in Sources */ = {isa = PBXBuildFile; fileRef = 716EA3B622F3A6A80069F0FD /* ListRouterTests.swift */; };
		716EA3B922F3A93D0069F0FD /* NavigationControllerSpy.swift in Sources */ = {isa = PBXBuildFile; fileRef = 716EA3B822F3A93D0069F0FD /* NavigationControllerSpy.swift */; };
		8E40FE8822F3273200B8667F /* MovieDetailResponse.swift in Sources */ = {isa = PBXBuildFile; fileRef = 8E40FE8722F3273200B8667F /* MovieDetailResponse.swift */; };
		8E631FD722F347E300918D50 /* ListWorkerSpy.swift in Sources */ = {isa = PBXBuildFile; fileRef = 8E631FD622F347E300918D50 /* ListWorkerSpy.swift */; };
		8E631FDA22F36E9900918D50 /* DiscoveryResponse.json in Resources */ = {isa = PBXBuildFile; fileRef = 8E631FD922F36E9900918D50 /* DiscoveryResponse.json */; };
		8E99CF1B22F3900E002F5863 /* ListRouterSpy.swift in Sources */ = {isa = PBXBuildFile; fileRef = 8E99CF1A22F3900E002F5863 /* ListRouterSpy.swift */; };
		8E99CF1D22F39171002F5863 /* ServicesProtocolSpy.swift in Sources */ = {isa = PBXBuildFile; fileRef = 8E99CF1C22F39171002F5863 /* ServicesProtocolSpy.swift */; };
		8E99CF2422F395AF002F5863 /* DetailsViewControllerTests.swift in Sources */ = {isa = PBXBuildFile; fileRef = 8E99CF2022F395AF002F5863 /* DetailsViewControllerTests.swift */; };
		8E99CF2522F395AF002F5863 /* DetailsInteractorTests.swift in Sources */ = {isa = PBXBuildFile; fileRef = 8E99CF2122F395AF002F5863 /* DetailsInteractorTests.swift */; };
		8E99CF2622F395AF002F5863 /* DetailsWorkerTests.swift in Sources */ = {isa = PBXBuildFile; fileRef = 8E99CF2222F395AF002F5863 /* DetailsWorkerTests.swift */; };
		8E99CF2722F395AF002F5863 /* DetailsPresenterTests.swift in Sources */ = {isa = PBXBuildFile; fileRef = 8E99CF2322F395AF002F5863 /* DetailsPresenterTests.swift */; };
		8EA0809D22F36F5100E4AD87 /* MovieDetailResponse.json in Resources */ = {isa = PBXBuildFile; fileRef = 8EA0809C22F36F5100E4AD87 /* MovieDetailResponse.json */; };
		8ED4A59422F3465D00A07111 /* ListViewControllerTests.swift in Sources */ = {isa = PBXBuildFile; fileRef = 8E40FE8B22F337B300B8667F /* ListViewControllerTests.swift */; };
		8ED4A59522F3465D00A07111 /* ListInteractorTests.swift in Sources */ = {isa = PBXBuildFile; fileRef = 8E40FE8C22F337B300B8667F /* ListInteractorTests.swift */; };
		8ED4A59622F3465D00A07111 /* ListWorkerTests.swift in Sources */ = {isa = PBXBuildFile; fileRef = 8E40FE8D22F337B300B8667F /* ListWorkerTests.swift */; };
		8ED4A59722F3465D00A07111 /* ListPresenterTests.swift in Sources */ = {isa = PBXBuildFile; fileRef = 8E40FE8E22F337B300B8667F /* ListPresenterTests.swift */; };
		8ED4A59822F3466000A07111 /* ListBusinessLogicSpy.swift in Sources */ = {isa = PBXBuildFile; fileRef = 8E40FE9422F337E200B8667F /* ListBusinessLogicSpy.swift */; };
		8ED4A59922F3466000A07111 /* ListPresentationLogicSpy.swift in Sources */ = {isa = PBXBuildFile; fileRef = 8E40FE9622F3381600B8667F /* ListPresentationLogicSpy.swift */; };
		8ED4A59A22F3466000A07111 /* ListDisplayLogicSpy.swift in Sources */ = {isa = PBXBuildFile; fileRef = 8E40FE9822F3385300B8667F /* ListDisplayLogicSpy.swift */; };
/* End PBXBuildFile section */

/* Begin PBXContainerItemProxy section */
		8ED4A58F22F3463300A07111 /* PBXContainerItemProxy */ = {
			isa = PBXContainerItemProxy;
			containerPortal = 710301D322F2835C003F1658 /* Project object */;
			proxyType = 1;
			remoteGlobalIDString = 710301DA22F2835C003F1658;
			remoteInfo = PruebaiOS;
		};
/* End PBXContainerItemProxy section */

/* Begin PBXFileReference section */
		710301DB22F2835C003F1658 /* PruebaiOS.app */ = {isa = PBXFileReference; explicitFileType = wrapper.application; includeInIndex = 0; path = PruebaiOS.app; sourceTree = BUILT_PRODUCTS_DIR; };
		710301DE22F2835C003F1658 /* AppDelegate.swift */ = {isa = PBXFileReference; lastKnownFileType = sourcecode.swift; path = AppDelegate.swift; sourceTree = "<group>"; };
		710301E322F2835D003F1658 /* Base */ = {isa = PBXFileReference; lastKnownFileType = file.storyboard; name = Base; path = Base.lproj/List.storyboard; sourceTree = "<group>"; };
		710301E522F2835E003F1658 /* Assets.xcassets */ = {isa = PBXFileReference; lastKnownFileType = folder.assetcatalog; path = Assets.xcassets; sourceTree = "<group>"; };
		710301E822F2835E003F1658 /* Base */ = {isa = PBXFileReference; lastKnownFileType = file.storyboard; name = Base; path = Base.lproj/LaunchScreen.storyboard; sourceTree = "<group>"; };
		710301EA22F2835E003F1658 /* Info.plist */ = {isa = PBXFileReference; lastKnownFileType = text.plist.xml; path = Info.plist; sourceTree = "<group>"; };
		710301FF22F28478003F1658 /* ListPresenter.swift */ = {isa = PBXFileReference; lastKnownFileType = sourcecode.swift; path = ListPresenter.swift; sourceTree = "<group>"; };
		7103020022F28478003F1658 /* ListWorker.swift */ = {isa = PBXFileReference; lastKnownFileType = sourcecode.swift; path = ListWorker.swift; sourceTree = "<group>"; };
		7103020122F28478003F1658 /* ListRouter.swift */ = {isa = PBXFileReference; lastKnownFileType = sourcecode.swift; path = ListRouter.swift; sourceTree = "<group>"; };
		7103020222F28478003F1658 /* ListModels.swift */ = {isa = PBXFileReference; lastKnownFileType = sourcecode.swift; path = ListModels.swift; sourceTree = "<group>"; };
		7103020322F28478003F1658 /* ListViewController.swift */ = {isa = PBXFileReference; lastKnownFileType = sourcecode.swift; path = ListViewController.swift; sourceTree = "<group>"; };
		7103020422F28478003F1658 /* ListInteractor.swift */ = {isa = PBXFileReference; lastKnownFileType = sourcecode.swift; path = ListInteractor.swift; sourceTree = "<group>"; };
		7103021022F28801003F1658 /* DiscoveryResponse.swift */ = {isa = PBXFileReference; lastKnownFileType = sourcecode.swift; path = DiscoveryResponse.swift; sourceTree = "<group>"; };
		7103021322F28D5E003F1658 /* Contants.swift */ = {isa = PBXFileReference; lastKnownFileType = sourcecode.swift; path = Contants.swift; sourceTree = "<group>"; };
		7103021522F28E49003F1658 /* MovieManager.swift */ = {isa = PBXFileReference; lastKnownFileType = sourcecode.swift; path = MovieManager.swift; sourceTree = "<group>"; };
		7103021822F2975C003F1658 /* MovieTableViewCell.swift */ = {isa = PBXFileReference; lastKnownFileType = sourcecode.swift; path = MovieTableViewCell.swift; sourceTree = "<group>"; };
		7103021A22F2983F003F1658 /* Extensions.swift */ = {isa = PBXFileReference; lastKnownFileType = sourcecode.swift; path = Extensions.swift; sourceTree = "<group>"; };
		7103021D22F2A857003F1658 /* DetailsPresenter.swift */ = {isa = PBXFileReference; lastKnownFileType = sourcecode.swift; path = DetailsPresenter.swift; sourceTree = "<group>"; };
		7103021E22F2A857003F1658 /* DetailsWorker.swift */ = {isa = PBXFileReference; lastKnownFileType = sourcecode.swift; path = DetailsWorker.swift; sourceTree = "<group>"; };
		7103021F22F2A857003F1658 /* DetailsRouter.swift */ = {isa = PBXFileReference; lastKnownFileType = sourcecode.swift; path = DetailsRouter.swift; sourceTree = "<group>"; };
		7103022022F2A857003F1658 /* DetailsModels.swift */ = {isa = PBXFileReference; lastKnownFileType = sourcecode.swift; path = DetailsModels.swift; sourceTree = "<group>"; };
		7103022122F2A857003F1658 /* DetailsViewController.swift */ = {isa = PBXFileReference; lastKnownFileType = sourcecode.swift; path = DetailsViewController.swift; sourceTree = "<group>"; };
		7103022222F2A857003F1658 /* DetailsInteractor.swift */ = {isa = PBXFileReference; lastKnownFileType = sourcecode.swift; path = DetailsInteractor.swift; sourceTree = "<group>"; };
		7103022922F2A867003F1658 /* Details.storyboard */ = {isa = PBXFileReference; lastKnownFileType = file.storyboard; path = Details.storyboard; sourceTree = "<group>"; };
		716EA3AE22F39B1B0069F0FD /* DetailsDisplayLogicSpy.swift */ = {isa = PBXFileReference; lastKnownFileType = sourcecode.swift; path = DetailsDisplayLogicSpy.swift; sourceTree = "<group>"; };
		716EA3B022F39BC60069F0FD /* DetailsBusinessLogicSpy.swift */ = {isa = PBXFileReference; lastKnownFileType = sourcecode.swift; path = DetailsBusinessLogicSpy.swift; sourceTree = "<group>"; };
		716EA3B222F39BFB0069F0FD /* DetailsPresentationLogicSpy.swift */ = {isa = PBXFileReference; lastKnownFileType = sourcecode.swift; path = DetailsPresentationLogicSpy.swift; sourceTree = "<group>"; };
		716EA3B422F39DBF0069F0FD /* DetailsWorkerSpy.swift */ = {isa = PBXFileReference; lastKnownFileType = sourcecode.swift; path = DetailsWorkerSpy.swift; sourceTree = "<group>"; };
		716EA3B622F3A6A80069F0FD /* ListRouterTests.swift */ = {isa = PBXFileReference; lastKnownFileType = sourcecode.swift; path = ListRouterTests.swift; sourceTree = "<group>"; };
		716EA3B822F3A93D0069F0FD /* NavigationControllerSpy.swift */ = {isa = PBXFileReference; lastKnownFileType = sourcecode.swift; path = NavigationControllerSpy.swift; sourceTree = "<group>"; };
		8E40FE8722F3273200B8667F /* MovieDetailResponse.swift */ = {isa = PBXFileReference; lastKnownFileType = sourcecode.swift; path = MovieDetailResponse.swift; sourceTree = "<group>"; };
		8E40FE8B22F337B300B8667F /* ListViewControllerTests.swift */ = {isa = PBXFileReference; lastKnownFileType = sourcecode.swift; path = ListViewControllerTests.swift; sourceTree = "<group>"; };
		8E40FE8C22F337B300B8667F /* ListInteractorTests.swift */ = {isa = PBXFileReference; lastKnownFileType = sourcecode.swift; path = ListInteractorTests.swift; sourceTree = "<group>"; };
		8E40FE8D22F337B300B8667F /* ListWorkerTests.swift */ = {isa = PBXFileReference; lastKnownFileType = sourcecode.swift; path = ListWorkerTests.swift; sourceTree = "<group>"; };
		8E40FE8E22F337B300B8667F /* ListPresenterTests.swift */ = {isa = PBXFileReference; lastKnownFileType = sourcecode.swift; path = ListPresenterTests.swift; sourceTree = "<group>"; };
		8E40FE9422F337E200B8667F /* ListBusinessLogicSpy.swift */ = {isa = PBXFileReference; lastKnownFileType = sourcecode.swift; path = ListBusinessLogicSpy.swift; sourceTree = "<group>"; };
		8E40FE9622F3381600B8667F /* ListPresentationLogicSpy.swift */ = {isa = PBXFileReference; lastKnownFileType = sourcecode.swift; path = ListPresentationLogicSpy.swift; sourceTree = "<group>"; };
		8E40FE9822F3385300B8667F /* ListDisplayLogicSpy.swift */ = {isa = PBXFileReference; lastKnownFileType = sourcecode.swift; path = ListDisplayLogicSpy.swift; sourceTree = "<group>"; };
		8E631FD622F347E300918D50 /* ListWorkerSpy.swift */ = {isa = PBXFileReference; lastKnownFileType = sourcecode.swift; path = ListWorkerSpy.swift; sourceTree = "<group>"; };
		8E631FD922F36E9900918D50 /* DiscoveryResponse.json */ = {isa = PBXFileReference; lastKnownFileType = text.json; path = DiscoveryResponse.json; sourceTree = "<group>"; };
		8E99CF1A22F3900E002F5863 /* ListRouterSpy.swift */ = {isa = PBXFileReference; lastKnownFileType = sourcecode.swift; path = ListRouterSpy.swift; sourceTree = "<group>"; };
		8E99CF1C22F39171002F5863 /* ServicesProtocolSpy.swift */ = {isa = PBXFileReference; lastKnownFileType = sourcecode.swift; path = ServicesProtocolSpy.swift; sourceTree = "<group>"; };
		8E99CF2022F395AF002F5863 /* DetailsViewControllerTests.swift */ = {isa = PBXFileReference; lastKnownFileType = sourcecode.swift; path = DetailsViewControllerTests.swift; sourceTree = "<group>"; };
		8E99CF2122F395AF002F5863 /* DetailsInteractorTests.swift */ = {isa = PBXFileReference; lastKnownFileType = sourcecode.swift; path = DetailsInteractorTests.swift; sourceTree = "<group>"; };
		8E99CF2222F395AF002F5863 /* DetailsWorkerTests.swift */ = {isa = PBXFileReference; lastKnownFileType = sourcecode.swift; path = DetailsWorkerTests.swift; sourceTree = "<group>"; };
		8E99CF2322F395AF002F5863 /* DetailsPresenterTests.swift */ = {isa = PBXFileReference; lastKnownFileType = sourcecode.swift; path = DetailsPresenterTests.swift; sourceTree = "<group>"; };
		8EA0809C22F36F5100E4AD87 /* MovieDetailResponse.json */ = {isa = PBXFileReference; fileEncoding = 4; lastKnownFileType = text.json; path = MovieDetailResponse.json; sourceTree = "<group>"; };
		8ED4A58A22F3463300A07111 /* PruebaiOSTests.xctest */ = {isa = PBXFileReference; explicitFileType = wrapper.cfbundle; includeInIndex = 0; path = PruebaiOSTests.xctest; sourceTree = BUILT_PRODUCTS_DIR; };
		8ED4A58E22F3463300A07111 /* Info.plist */ = {isa = PBXFileReference; lastKnownFileType = text.plist.xml; path = Info.plist; sourceTree = "<group>"; };
/* End PBXFileReference section */

/* Begin PBXFrameworksBuildPhase section */
		710301D822F2835C003F1658 /* Frameworks */ = {
			isa = PBXFrameworksBuildPhase;
			buildActionMask = 2147483647;
			files = (
			);
			runOnlyForDeploymentPostprocessing = 0;
		};
		8ED4A58722F3463300A07111 /* Frameworks */ = {
			isa = PBXFrameworksBuildPhase;
			buildActionMask = 2147483647;
			files = (
			);
			runOnlyForDeploymentPostprocessing = 0;
		};
/* End PBXFrameworksBuildPhase section */

/* Begin PBXGroup section */
		710301D222F2835C003F1658 = {
			isa = PBXGroup;
			children = (
				710301DD22F2835C003F1658 /* PruebaiOS */,
				8ED4A58B22F3463300A07111 /* PruebaiOSTests */,
				710301DC22F2835C003F1658 /* Products */,
			);
			sourceTree = "<group>";
		};
		710301DC22F2835C003F1658 /* Products */ = {
			isa = PBXGroup;
			children = (
				710301DB22F2835C003F1658 /* PruebaiOS.app */,
				8ED4A58A22F3463300A07111 /* PruebaiOSTests.xctest */,
			);
			name = Products;
			sourceTree = "<group>";
		};
		710301DD22F2835C003F1658 /* PruebaiOS */ = {
			isa = PBXGroup;
			children = (
				710301DE22F2835C003F1658 /* AppDelegate.swift */,
				7103021222F28D48003F1658 /* Common */,
				7103020F22F28780003F1658 /* Models */,
				7103020E22F284CB003F1658 /* Scenes */,
				7103020B22F28481003F1658 /* Assets */,
				7103020D22F284A8003F1658 /* Supporting Files */,
			);
			path = PruebaiOS;
			sourceTree = "<group>";
		};
		710301FE22F28455003F1658 /* List */ = {
			isa = PBXGroup;
			children = (
				7103021722F2973D003F1658 /* Components */,
				710301E222F2835D003F1658 /* List.storyboard */,
				710301FF22F28478003F1658 /* ListPresenter.swift */,
				7103020022F28478003F1658 /* ListWorker.swift */,
				7103020122F28478003F1658 /* ListRouter.swift */,
				7103020222F28478003F1658 /* ListModels.swift */,
				7103020322F28478003F1658 /* ListViewController.swift */,
				7103020422F28478003F1658 /* ListInteractor.swift */,
			);
			path = List;
			sourceTree = "<group>";
		};
		7103020B22F28481003F1658 /* Assets */ = {
			isa = PBXGroup;
			children = (
				7103020C22F2848E003F1658 /* Screens */,
				710301E522F2835E003F1658 /* Assets.xcassets */,
			);
			path = Assets;
			sourceTree = "<group>";
		};
		7103020C22F2848E003F1658 /* Screens */ = {
			isa = PBXGroup;
			children = (
				710301E722F2835E003F1658 /* LaunchScreen.storyboard */,
			);
			path = Screens;
			sourceTree = "<group>";
		};
		7103020D22F284A8003F1658 /* Supporting Files */ = {
			isa = PBXGroup;
			children = (
				710301EA22F2835E003F1658 /* Info.plist */,
			);
			path = "Supporting Files";
			sourceTree = "<group>";
		};
		7103020E22F284CB003F1658 /* Scenes */ = {
			isa = PBXGroup;
			children = (
				7103021C22F2A83A003F1658 /* Details */,
				710301FE22F28455003F1658 /* List */,
			);
			path = Scenes;
			sourceTree = "<group>";
		};
		7103020F22F28780003F1658 /* Models */ = {
			isa = PBXGroup;
			children = (
				7103021022F28801003F1658 /* DiscoveryResponse.swift */,
				8E40FE8722F3273200B8667F /* MovieDetailResponse.swift */,
			);
			path = Models;
			sourceTree = "<group>";
		};
		7103021222F28D48003F1658 /* Common */ = {
			isa = PBXGroup;
			children = (
				7103021322F28D5E003F1658 /* Contants.swift */,
				7103021522F28E49003F1658 /* MovieManager.swift */,
				7103021A22F2983F003F1658 /* Extensions.swift */,
			);
			path = Common;
			sourceTree = "<group>";
		};
		7103021722F2973D003F1658 /* Components */ = {
			isa = PBXGroup;
			children = (
				7103021822F2975C003F1658 /* MovieTableViewCell.swift */,
			);
			path = Components;
			sourceTree = "<group>";
		};
		7103021C22F2A83A003F1658 /* Details */ = {
			isa = PBXGroup;
			children = (
				7103021D22F2A857003F1658 /* DetailsPresenter.swift */,
				7103021E22F2A857003F1658 /* DetailsWorker.swift */,
				7103021F22F2A857003F1658 /* DetailsRouter.swift */,
				7103022022F2A857003F1658 /* DetailsModels.swift */,
				7103022122F2A857003F1658 /* DetailsViewController.swift */,
				7103022222F2A857003F1658 /* DetailsInteractor.swift */,
				7103022922F2A867003F1658 /* Details.storyboard */,
			);
			path = Details;
			sourceTree = "<group>";
		};
		716EA3AD22F39B0D0069F0FD /* Spies */ = {
			isa = PBXGroup;
			children = (
				716EA3AE22F39B1B0069F0FD /* DetailsDisplayLogicSpy.swift */,
				716EA3B022F39BC60069F0FD /* DetailsBusinessLogicSpy.swift */,
				716EA3B222F39BFB0069F0FD /* DetailsPresentationLogicSpy.swift */,
				716EA3B422F39DBF0069F0FD /* DetailsWorkerSpy.swift */,
			);
			path = Spies;
			sourceTree = "<group>";
		};
		8E40FE8922F3379A00B8667F /* Scenes */ = {
			isa = PBXGroup;
			children = (
				8E99CF1F22F395A1002F5863 /* Details */,
				8E40FE8A22F337A200B8667F /* List */,
			);
			path = Scenes;
			sourceTree = "<group>";
		};
		8E40FE8A22F337A200B8667F /* List */ = {
			isa = PBXGroup;
			children = (
				8E40FE9322F337D700B8667F /* Spies */,
				8E40FE8B22F337B300B8667F /* ListViewControllerTests.swift */,
				8E40FE8C22F337B300B8667F /* ListInteractorTests.swift */,
				8E40FE8D22F337B300B8667F /* ListWorkerTests.swift */,
				8E40FE8E22F337B300B8667F /* ListPresenterTests.swift */,
				716EA3B622F3A6A80069F0FD /* ListRouterTests.swift */,
			);
			path = List;
			sourceTree = "<group>";
		};
		8E40FE9322F337D700B8667F /* Spies */ = {
			isa = PBXGroup;
			children = (
				8E40FE9422F337E200B8667F /* ListBusinessLogicSpy.swift */,
				8E40FE9622F3381600B8667F /* ListPresentationLogicSpy.swift */,
				8E40FE9822F3385300B8667F /* ListDisplayLogicSpy.swift */,
				8E631FD622F347E300918D50 /* ListWorkerSpy.swift */,
				8E99CF1A22F3900E002F5863 /* ListRouterSpy.swift */,
				716EA3B822F3A93D0069F0FD /* NavigationControllerSpy.swift */,
			);
			path = Spies;
			sourceTree = "<group>";
		};
		8E631FD822F34A0600918D50 /* TestData */ = {
			isa = PBXGroup;
			children = (
				8E631FD922F36E9900918D50 /* DiscoveryResponse.json */,
				8EA0809C22F36F5100E4AD87 /* MovieDetailResponse.json */,
			);
			path = TestData;
			sourceTree = "<group>";
		};
		8E99CF1E22F39507002F5863 /* Common */ = {
			isa = PBXGroup;
			children = (
				8E99CF1C22F39171002F5863 /* ServicesProtocolSpy.swift */,
			);
			path = Common;
			sourceTree = "<group>";
		};
		8E99CF1F22F395A1002F5863 /* Details */ = {
			isa = PBXGroup;
			children = (
				716EA3AD22F39B0D0069F0FD /* Spies */,
				8E99CF2022F395AF002F5863 /* DetailsViewControllerTests.swift */,
				8E99CF2122F395AF002F5863 /* DetailsInteractorTests.swift */,
				8E99CF2222F395AF002F5863 /* DetailsWorkerTests.swift */,
				8E99CF2322F395AF002F5863 /* DetailsPresenterTests.swift */,
			);
			path = Details;
			sourceTree = "<group>";
		};
		8ED4A58B22F3463300A07111 /* PruebaiOSTests */ = {
			isa = PBXGroup;
			children = (
				8E99CF1E22F39507002F5863 /* Common */,
				8E631FD822F34A0600918D50 /* TestData */,
				8E40FE8922F3379A00B8667F /* Scenes */,
				8ED4A58E22F3463300A07111 /* Info.plist */,
			);
			path = PruebaiOSTests;
			sourceTree = "<group>";
		};
/* End PBXGroup section */

/* Begin PBXNativeTarget section */
		710301DA22F2835C003F1658 /* PruebaiOS */ = {
			isa = PBXNativeTarget;
			buildConfigurationList = 710301F822F2835E003F1658 /* Build configuration list for PBXNativeTarget "PruebaiOS" */;
			buildPhases = (
				710301D722F2835C003F1658 /* Sources */,
				710301D822F2835C003F1658 /* Frameworks */,
				710301D922F2835C003F1658 /* Resources */,
			);
			buildRules = (
			);
			dependencies = (
			);
			name = PruebaiOS;
			productName = PruebaiOS;
			productReference = 710301DB22F2835C003F1658 /* PruebaiOS.app */;
			productType = "com.apple.product-type.application";
		};
		8ED4A58922F3463300A07111 /* PruebaiOSTests */ = {
			isa = PBXNativeTarget;
			buildConfigurationList = 8ED4A59122F3463300A07111 /* Build configuration list for PBXNativeTarget "PruebaiOSTests" */;
			buildPhases = (
				8ED4A58622F3463300A07111 /* Sources */,
				8ED4A58722F3463300A07111 /* Frameworks */,
				8ED4A58822F3463300A07111 /* Resources */,
			);
			buildRules = (
			);
			dependencies = (
				8ED4A59022F3463300A07111 /* PBXTargetDependency */,
			);
			name = PruebaiOSTests;
			productName = PruebaiOSTests;
			productReference = 8ED4A58A22F3463300A07111 /* PruebaiOSTests.xctest */;
			productType = "com.apple.product-type.bundle.unit-test";
		};
/* End PBXNativeTarget section */

/* Begin PBXProject section */
		710301D322F2835C003F1658 /* Project object */ = {
			isa = PBXProject;
			attributes = {
				LastSwiftUpdateCheck = 1020;
				LastUpgradeCheck = 1030;
				ORGANIZATIONNAME = everis;
				TargetAttributes = {
					710301DA22F2835C003F1658 = {
						CreatedOnToolsVersion = 10.3;
					};
					8ED4A58922F3463300A07111 = {
						CreatedOnToolsVersion = 10.2.1;
						TestTargetID = 710301DA22F2835C003F1658;
					};
				};
			};
			buildConfigurationList = 710301D622F2835C003F1658 /* Build configuration list for PBXProject "PruebaiOS" */;
			compatibilityVersion = "Xcode 9.3";
			developmentRegion = en;
			hasScannedForEncodings = 0;
			knownRegions = (
				en,
				Base,
			);
			mainGroup = 710301D222F2835C003F1658;
			productRefGroup = 710301DC22F2835C003F1658 /* Products */;
			projectDirPath = "";
			projectRoot = "";
			targets = (
				710301DA22F2835C003F1658 /* PruebaiOS */,
				8ED4A58922F3463300A07111 /* PruebaiOSTests */,
			);
		};
/* End PBXProject section */

/* Begin PBXResourcesBuildPhase section */
		710301D922F2835C003F1658 /* Resources */ = {
			isa = PBXResourcesBuildPhase;
			buildActionMask = 2147483647;
			files = (
				710301E922F2835E003F1658 /* LaunchScreen.storyboard in Resources */,
				710301E622F2835E003F1658 /* Assets.xcassets in Resources */,
				710301E422F2835D003F1658 /* List.storyboard in Resources */,
				7103022A22F2A867003F1658 /* Details.storyboard in Resources */,
			);
			runOnlyForDeploymentPostprocessing = 0;
		};
		8ED4A58822F3463300A07111 /* Resources */ = {
			isa = PBXResourcesBuildPhase;
			buildActionMask = 2147483647;
			files = (
				8EA0809D22F36F5100E4AD87 /* MovieDetailResponse.json in Resources */,
				8E631FDA22F36E9900918D50 /* DiscoveryResponse.json in Resources */,
			);
			runOnlyForDeploymentPostprocessing = 0;
		};
/* End PBXResourcesBuildPhase section */

/* Begin PBXSourcesBuildPhase section */
		710301D722F2835C003F1658 /* Sources */ = {
			isa = PBXSourcesBuildPhase;
			buildActionMask = 2147483647;
			files = (
				7103020822F28478003F1658 /* ListModels.swift in Sources */,
				8E40FE8822F3273200B8667F /* MovieDetailResponse.swift in Sources */,
				7103022822F2A857003F1658 /* DetailsInteractor.swift in Sources */,
				7103020722F28478003F1658 /* ListRouter.swift in Sources */,
				7103020922F28478003F1658 /* ListViewController.swift in Sources */,
				7103021122F28801003F1658 /* DiscoveryResponse.swift in Sources */,
				7103022422F2A857003F1658 /* DetailsWorker.swift in Sources */,
				7103020A22F28478003F1658 /* ListInteractor.swift in Sources */,
				7103021422F28D5E003F1658 /* Contants.swift in Sources */,
				7103020622F28478003F1658 /* ListWorker.swift in Sources */,
				7103022622F2A857003F1658 /* DetailsModels.swift in Sources */,
				7103022722F2A857003F1658 /* DetailsViewController.swift in Sources */,
				7103021B22F2983F003F1658 /* Extensions.swift in Sources */,
				7103021622F28E49003F1658 /* MovieManager.swift in Sources */,
				7103022322F2A857003F1658 /* DetailsPresenter.swift in Sources */,
				7103020522F28478003F1658 /* ListPresenter.swift in Sources */,
				7103021922F2975C003F1658 /* MovieTableViewCell.swift in Sources */,
				7103022522F2A857003F1658 /* DetailsRouter.swift in Sources */,
				710301DF22F2835D003F1658 /* AppDelegate.swift in Sources */,
			);
			runOnlyForDeploymentPostprocessing = 0;
		};
		8ED4A58622F3463300A07111 /* Sources */ = {
			isa = PBXSourcesBuildPhase;
			buildActionMask = 2147483647;
			files = (
				8E99CF1B22F3900E002F5863 /* ListRouterSpy.swift in Sources */,
				716EA3B322F39BFB0069F0FD /* DetailsPresentationLogicSpy.swift in Sources */,
				8E631FD722F347E300918D50 /* ListWorkerSpy.swift in Sources */,
				8ED4A59622F3465D00A07111 /* ListWorkerTests.swift in Sources */,
				8ED4A59522F3465D00A07111 /* ListInteractorTests.swift in Sources */,
				716EA3B122F39BC60069F0FD /* DetailsBusinessLogicSpy.swift in Sources */,
				8ED4A59822F3466000A07111 /* ListBusinessLogicSpy.swift in Sources */,
				8ED4A59A22F3466000A07111 /* ListDisplayLogicSpy.swift in Sources */,
				8E99CF2622F395AF002F5863 /* DetailsWorkerTests.swift in Sources */,
				8ED4A59922F3466000A07111 /* ListPresentationLogicSpy.swift in Sources */,
				716EA3AF22F39B1B0069F0FD /* DetailsDisplayLogicSpy.swift in Sources */,
				716EA3B522F39DBF0069F0FD /* DetailsWorkerSpy.swift in Sources */,
				8ED4A59722F3465D00A07111 /* ListPresenterTests.swift in Sources */,
				716EA3B722F3A6A80069F0FD /* ListRouterTests.swift in Sources */,
				8E99CF2422F395AF002F5863 /* DetailsViewControllerTests.swift in Sources */,
				8E99CF1D22F39171002F5863 /* ServicesProtocolSpy.swift in Sources */,
				716EA3B922F3A93D0069F0FD /* NavigationControllerSpy.swift in Sources */,
				8E99CF2722F395AF002F5863 /* DetailsPresenterTests.swift in Sources */,
				8ED4A59422F3465D00A07111 /* ListViewControllerTests.swift in Sources */,
				8E99CF2522F395AF002F5863 /* DetailsInteractorTests.swift in Sources */,
			);
			runOnlyForDeploymentPostprocessing = 0;
		};
/* End PBXSourcesBuildPhase section */

/* Begin PBXTargetDependency section */
		8ED4A59022F3463300A07111 /* PBXTargetDependency */ = {
			isa = PBXTargetDependency;
			target = 710301DA22F2835C003F1658 /* PruebaiOS */;
			targetProxy = 8ED4A58F22F3463300A07111 /* PBXContainerItemProxy */;
		};
/* End PBXTargetDependency section */

/* Begin PBXVariantGroup section */
		710301E222F2835D003F1658 /* List.storyboard */ = {
			isa = PBXVariantGroup;
			children = (
				710301E322F2835D003F1658 /* Base */,
			);
			name = List.storyboard;
			sourceTree = "<group>";
		};
		710301E722F2835E003F1658 /* LaunchScreen.storyboard */ = {
			isa = PBXVariantGroup;
			children = (
				710301E822F2835E003F1658 /* Base */,
			);
			name = LaunchScreen.storyboard;
			sourceTree = "<group>";
		};
/* End PBXVariantGroup section */

/* Begin XCBuildConfiguration section */
		710301F622F2835E003F1658 /* Debug */ = {
			isa = XCBuildConfiguration;
			buildSettings = {
				ALWAYS_SEARCH_USER_PATHS = NO;
				CLANG_ANALYZER_NONNULL = YES;
				CLANG_ANALYZER_NUMBER_OBJECT_CONVERSION = YES_AGGRESSIVE;
				CLANG_CXX_LANGUAGE_STANDARD = "gnu++14";
				CLANG_CXX_LIBRARY = "libc++";
				CLANG_ENABLE_MODULES = YES;
				CLANG_ENABLE_OBJC_ARC = YES;
				CLANG_ENABLE_OBJC_WEAK = YES;
				CLANG_WARN_BLOCK_CAPTURE_AUTORELEASING = YES;
				CLANG_WARN_BOOL_CONVERSION = YES;
				CLANG_WARN_COMMA = YES;
				CLANG_WARN_CONSTANT_CONVERSION = YES;
				CLANG_WARN_DEPRECATED_OBJC_IMPLEMENTATIONS = YES;
				CLANG_WARN_DIRECT_OBJC_ISA_USAGE = YES_ERROR;
				CLANG_WARN_DOCUMENTATION_COMMENTS = YES;
				CLANG_WARN_EMPTY_BODY = YES;
				CLANG_WARN_ENUM_CONVERSION = YES;
				CLANG_WARN_INFINITE_RECURSION = YES;
				CLANG_WARN_INT_CONVERSION = YES;
				CLANG_WARN_NON_LITERAL_NULL_CONVERSION = YES;
				CLANG_WARN_OBJC_IMPLICIT_RETAIN_SELF = YES;
				CLANG_WARN_OBJC_LITERAL_CONVERSION = YES;
				CLANG_WARN_OBJC_ROOT_CLASS = YES_ERROR;
				CLANG_WARN_RANGE_LOOP_ANALYSIS = YES;
				CLANG_WARN_STRICT_PROTOTYPES = YES;
				CLANG_WARN_SUSPICIOUS_MOVE = YES;
				CLANG_WARN_UNGUARDED_AVAILABILITY = YES_AGGRESSIVE;
				CLANG_WARN_UNREACHABLE_CODE = YES;
				CLANG_WARN__DUPLICATE_METHOD_MATCH = YES;
				CODE_SIGN_IDENTITY = "iPhone Developer";
				COPY_PHASE_STRIP = NO;
				DEBUG_INFORMATION_FORMAT = dwarf;
				ENABLE_STRICT_OBJC_MSGSEND = YES;
				ENABLE_TESTABILITY = YES;
				GCC_C_LANGUAGE_STANDARD = gnu11;
				GCC_DYNAMIC_NO_PIC = NO;
				GCC_NO_COMMON_BLOCKS = YES;
				GCC_OPTIMIZATION_LEVEL = 0;
				GCC_PREPROCESSOR_DEFINITIONS = (
					"DEBUG=1",
					"$(inherited)",
				);
				GCC_WARN_64_TO_32_BIT_CONVERSION = YES;
				GCC_WARN_ABOUT_RETURN_TYPE = YES_ERROR;
				GCC_WARN_UNDECLARED_SELECTOR = YES;
				GCC_WARN_UNINITIALIZED_AUTOS = YES_AGGRESSIVE;
				GCC_WARN_UNUSED_FUNCTION = YES;
				GCC_WARN_UNUSED_VARIABLE = YES;
				IPHONEOS_DEPLOYMENT_TARGET = 11.0;
				MTL_ENABLE_DEBUG_INFO = INCLUDE_SOURCE;
				MTL_FAST_MATH = YES;
				ONLY_ACTIVE_ARCH = YES;
				SDKROOT = iphoneos;
				SWIFT_ACTIVE_COMPILATION_CONDITIONS = DEBUG;
				SWIFT_OPTIMIZATION_LEVEL = "-Onone";
			};
			name = Debug;
		};
		710301F722F2835E003F1658 /* Release */ = {
			isa = XCBuildConfiguration;
			buildSettings = {
				ALWAYS_SEARCH_USER_PATHS = NO;
				CLANG_ANALYZER_NONNULL = YES;
				CLANG_ANALYZER_NUMBER_OBJECT_CONVERSION = YES_AGGRESSIVE;
				CLANG_CXX_LANGUAGE_STANDARD = "gnu++14";
				CLANG_CXX_LIBRARY = "libc++";
				CLANG_ENABLE_MODULES = YES;
				CLANG_ENABLE_OBJC_ARC = YES;
				CLANG_ENABLE_OBJC_WEAK = YES;
				CLANG_WARN_BLOCK_CAPTURE_AUTORELEASING = YES;
				CLANG_WARN_BOOL_CONVERSION = YES;
				CLANG_WARN_COMMA = YES;
				CLANG_WARN_CONSTANT_CONVERSION = YES;
				CLANG_WARN_DEPRECATED_OBJC_IMPLEMENTATIONS = YES;
				CLANG_WARN_DIRECT_OBJC_ISA_USAGE = YES_ERROR;
				CLANG_WARN_DOCUMENTATION_COMMENTS = YES;
				CLANG_WARN_EMPTY_BODY = YES;
				CLANG_WARN_ENUM_CONVERSION = YES;
				CLANG_WARN_INFINITE_RECURSION = YES;
				CLANG_WARN_INT_CONVERSION = YES;
				CLANG_WARN_NON_LITERAL_NULL_CONVERSION = YES;
				CLANG_WARN_OBJC_IMPLICIT_RETAIN_SELF = YES;
				CLANG_WARN_OBJC_LITERAL_CONVERSION = YES;
				CLANG_WARN_OBJC_ROOT_CLASS = YES_ERROR;
				CLANG_WARN_RANGE_LOOP_ANALYSIS = YES;
				CLANG_WARN_STRICT_PROTOTYPES = YES;
				CLANG_WARN_SUSPICIOUS_MOVE = YES;
				CLANG_WARN_UNGUARDED_AVAILABILITY = YES_AGGRESSIVE;
				CLANG_WARN_UNREACHABLE_CODE = YES;
				CLANG_WARN__DUPLICATE_METHOD_MATCH = YES;
				CODE_SIGN_IDENTITY = "iPhone Developer";
				COPY_PHASE_STRIP = NO;
				DEBUG_INFORMATION_FORMAT = "dwarf-with-dsym";
				ENABLE_NS_ASSERTIONS = NO;
				ENABLE_STRICT_OBJC_MSGSEND = YES;
				GCC_C_LANGUAGE_STANDARD = gnu11;
				GCC_NO_COMMON_BLOCKS = YES;
				GCC_WARN_64_TO_32_BIT_CONVERSION = YES;
				GCC_WARN_ABOUT_RETURN_TYPE = YES_ERROR;
				GCC_WARN_UNDECLARED_SELECTOR = YES;
				GCC_WARN_UNINITIALIZED_AUTOS = YES_AGGRESSIVE;
				GCC_WARN_UNUSED_FUNCTION = YES;
				GCC_WARN_UNUSED_VARIABLE = YES;
				IPHONEOS_DEPLOYMENT_TARGET = 11.0;
				MTL_ENABLE_DEBUG_INFO = NO;
				MTL_FAST_MATH = YES;
				SDKROOT = iphoneos;
				SWIFT_COMPILATION_MODE = wholemodule;
				SWIFT_OPTIMIZATION_LEVEL = "-O";
				VALIDATE_PRODUCT = YES;
			};
			name = Release;
		};
		710301F922F2835E003F1658 /* Debug */ = {
			isa = XCBuildConfiguration;
			buildSettings = {
				ASSETCATALOG_COMPILER_APPICON_NAME = AppIcon;
				CODE_SIGN_STYLE = Automatic;
				DEVELOPMENT_TEAM = "";
				INFOPLIST_FILE = "$(SRCROOT)/PruebaiOS/Supporting Files/Info.plist";
				IPHONEOS_DEPLOYMENT_TARGET = 11.0;
				LD_RUNPATH_SEARCH_PATHS = (
					"$(inherited)",
					"@executable_path/Frameworks",
				);
				PRODUCT_BUNDLE_IDENTIFIER = com.everis.PruebaiOS;
				PRODUCT_NAME = "$(TARGET_NAME)";
				SWIFT_VERSION = 5.0;
				TARGETED_DEVICE_FAMILY = "1,2";
			};
			name = Debug;
		};
		710301FA22F2835E003F1658 /* Release */ = {
			isa = XCBuildConfiguration;
			buildSettings = {
				ASSETCATALOG_COMPILER_APPICON_NAME = AppIcon;
				CODE_SIGN_STYLE = Automatic;
				DEVELOPMENT_TEAM = "";
				INFOPLIST_FILE = "$(SRCROOT)/PruebaiOS/Supporting Files/Info.plist";
				IPHONEOS_DEPLOYMENT_TARGET = 11.0;
				LD_RUNPATH_SEARCH_PATHS = (
					"$(inherited)",
					"@executable_path/Frameworks",
				);
				PRODUCT_BUNDLE_IDENTIFIER = com.everis.PruebaiOS;
				PRODUCT_NAME = "$(TARGET_NAME)";
				SWIFT_VERSION = 5.0;
				TARGETED_DEVICE_FAMILY = "1,2";
			};
			name = Release;
		};
		8ED4A59222F3463300A07111 /* Debug */ = {
			isa = XCBuildConfiguration;
			buildSettings = {
				BUNDLE_LOADER = "$(TEST_HOST)";
				CODE_SIGN_STYLE = Automatic;
				INFOPLIST_FILE = PruebaiOSTests/Info.plist;
				IPHONEOS_DEPLOYMENT_TARGET = 12.2;
				LD_RUNPATH_SEARCH_PATHS = (
					"$(inherited)",
					"@executable_path/Frameworks",
					"@loader_path/Frameworks",
				);
				PRODUCT_BUNDLE_IDENTIFIER = marvel.PruebaiOSTests;
				PRODUCT_NAME = "$(TARGET_NAME)";
				SWIFT_VERSION = 5.0;
				TARGETED_DEVICE_FAMILY = "1,2";
				TEST_HOST = "$(BUILT_PRODUCTS_DIR)/PruebaiOS.app/PruebaiOS";
			};
			name = Debug;
		};
		8ED4A59322F3463300A07111 /* Release */ = {
			isa = XCBuildConfiguration;
			buildSettings = {
				BUNDLE_LOADER = "$(TEST_HOST)";
				CODE_SIGN_STYLE = Automatic;
				INFOPLIST_FILE = PruebaiOSTests/Info.plist;
				IPHONEOS_DEPLOYMENT_TARGET = 12.2;
				LD_RUNPATH_SEARCH_PATHS = (
					"$(inherited)",
					"@executable_path/Frameworks",
					"@loader_path/Frameworks",
				);
				PRODUCT_BUNDLE_IDENTIFIER = marvel.PruebaiOSTests;
				PRODUCT_NAME = "$(TARGET_NAME)";
				SWIFT_VERSION = 5.0;
				TARGETED_DEVICE_FAMILY = "1,2";
				TEST_HOST = "$(BUILT_PRODUCTS_DIR)/PruebaiOS.app/PruebaiOS";
			};
			name = Release;
		};
/* End XCBuildConfiguration section */

/* Begin XCConfigurationList section */
		710301D622F2835C003F1658 /* Build configuration list for PBXProject "PruebaiOS" */ = {
			isa = XCConfigurationList;
			buildConfigurations = (
				710301F622F2835E003F1658 /* Debug */,
				710301F722F2835E003F1658 /* Release */,
			);
			defaultConfigurationIsVisible = 0;
			defaultConfigurationName = Release;
		};
		710301F822F2835E003F1658 /* Build configuration list for PBXNativeTarget "PruebaiOS" */ = {
			isa = XCConfigurationList;
			buildConfigurations = (
				710301F922F2835E003F1658 /* Debug */,
				710301FA22F2835E003F1658 /* Release */,
			);
			defaultConfigurationIsVisible = 0;
			defaultConfigurationName = Release;
		};
		8ED4A59122F3463300A07111 /* Build configuration list for PBXNativeTarget "PruebaiOSTests" */ = {
			isa = XCConfigurationList;
			buildConfigurations = (
				8ED4A59222F3463300A07111 /* Debug */,
				8ED4A59322F3463300A07111 /* Release */,
			);
			defaultConfigurationIsVisible = 0;
			defaultConfigurationName = Release;
		};
/* End XCConfigurationList section */
	};
	rootObject = 710301D322F2835C003F1658 /* Project object */;
}
